<?xml version="1.0" encoding="utf-8"?>
<Project ToolsVersion="4.0" xmlns="http://schemas.microsoft.com/developer/msbuild/2003">
  <ItemGroup>
    <Filter Include="Source Files">
      <UniqueIdentifier>{4FC737F1-C7A5-4376-A066-2A32D752A2FF}</UniqueIdentifier>
      <Extensions>cpp;c;cc;cxx;c++;cppm;ixx;def;odl;idl;hpj;bat;asm;asmx</Extensions>
    </Filter>
    <Filter Include="Header Files">
      <UniqueIdentifier>{93995380-89BD-4b04-88EB-625FBE52EBFB}</UniqueIdentifier>
      <Extensions>h;hh;hpp;hxx;h++;hm;inl;inc;ipp;xsd</Extensions>
    </Filter>
    <Filter Include="Resource Files">
      <UniqueIdentifier>{67DA6AB6-F800-4c08-8B7A-83BB121AAD01}</UniqueIdentifier>
      <Extensions>rc;ico;cur;bmp;dlg;rc2;rct;bin;rgs;gif;jpg;jpeg;jpe;resx;tiff;tif;png;wav;mfcribbon-ms</Extensions>
    </Filter>
  </ItemGroup>
  <ItemGroup>
    <ClCompile Include="main.cpp">
      <Filter>Source Files</Filter>
    </ClCompile>
  </ItemGroup>
  <ItemGroup>
    <ClInclude Include="main.h">
      <Filter>Header Files</Filter>
    </ClInclude>
    <ClInclude Include="restaurant.h">
      <Filter>Header Files</Filter>
    </ClInclude>
  </ItemGroup>
  <ItemGroup>
    <Text Include="..\..\..\..\Downloads\DSATestcase_Assignment2-main (2)\DSATestcase_Assignment2-main\input\input91.txt">
      <Filter>Resource Files</Filter>
    </Text>
    <Text Include="..\..\..\..\Downloads\DSATestcase_Assignment2-main (2)\DSATestcase_Assignment2-main\input\input92.txt">
      <Filter>Resource Files</Filter>
    </Text>
    <Text Include="..\..\..\..\Downloads\DSATestcase_Assignment2-main (2)\DSATestcase_Assignment2-main\input\input93.txt">
      <Filter>Resource Files</Filter>
    </Text>
    <Text Include="..\..\..\..\Downloads\DSATestcase_Assignment2-main (2)\DSATestcase_Assignment2-main\input\input94.txt">
      <Filter>Resource Files</Filter>
    </Text>
    <Text Include="..\..\..\..\Downloads\DSATestcase_Assignment2-main (2)\DSATestcase_Assignment2-main\input\input95.txt">
      <Filter>Resource Files</Filter>
    </Text>
    <Text Include="..\..\..\..\Downloads\DSATestcase_Assignment2-main (2)\DSATestcase_Assignment2-main\input\input96.txt">
      <Filter>Resource Files</Filter>
    </Text>
    <Text Include="..\..\..\..\Downloads\DSATestcase_Assignment2-main (2)\DSATestcase_Assignment2-main\input\input97.txt">
      <Filter>Resource Files</Filter>
    </Text>
    <Text Include="..\..\..\..\Downloads\DSATestcase_Assignment2-main (2)\DSATestcase_Assignment2-main\input\input98.txt">
      <Filter>Resource Files</Filter>
    </Text>
    <Text Include="..\..\..\..\Downloads\DSATestcase_Assignment2-main (2)\DSATestcase_Assignment2-main\input\input99.txt">
      <Filter>Resource Files</Filter>
    </Text>
    <Text Include="..\..\..\..\Downloads\DSATestcase_Assignment2-main (2)\DSATestcase_Assignment2-main\input\input7.txt">
      <Filter>Resource Files</Filter>
    </Text>
    <Text Include="..\..\..\..\Downloads\DSATestcase_Assignment2-main (2)\DSATestcase_Assignment2-main\input\input8.txt">
      <Filter>Resource Files</Filter>
    </Text>
    <Text Include="..\..\..\..\Downloads\DSATestcase_Assignment2-main (2)\DSATestcase_Assignment2-main\input\input61.txt">
      <Filter>Resource Files</Filter>
    </Text>
    <Text Include="..\..\..\..\Downloads\DSATestcase_Assignment2-main (2)\DSATestcase_Assignment2-main\input\input62.txt">
      <Filter>Resource Files</Filter>
    </Text>
    <Text Include="..\..\..\..\Downloads\DSATestcase_Assignment2-main (2)\DSATestcase_Assignment2-main\input\input63.txt">
      <Filter>Resource Files</Filter>
    </Text>
    <Text Include="..\..\..\..\Downloads\DSATestcase_Assignment2-main (2)\DSATestcase_Assignment2-main\input\input64.txt">
      <Filter>Resource Files</Filter>
    </Text>
    <Text Include="..\..\..\..\Downloads\DSATestcase_Assignment2-main (2)\DSATestcase_Assignment2-main\input\input65.txt">
      <Filter>Resource Files</Filter>
    </Text>
    <Text Include="..\..\..\..\Downloads\DSATestcase_Assignment2-main (2)\DSATestcase_Assignment2-main\input\input66.txt">
      <Filter>Resource Files</Filter>
    </Text>
    <Text Include="..\..\..\..\Downloads\DSATestcase_Assignment2-main (2)\DSATestcase_Assignment2-main\input\input67.txt">
      <Filter>Resource Files</Filter>
    </Text>
    <Text Include="..\..\..\..\Downloads\DSATestcase_Assignment2-main (2)\DSATestcase_Assignment2-main\input\input68.txt">
      <Filter>Resource Files</Filter>
    </Text>
    <Text Include="..\..\..\..\Downloads\DSATestcase_Assignment2-main (2)\DSATestcase_Assignment2-main\input\input69.txt">
      <Filter>Resource Files</Filter>
    </Text>
    <Text Include="..\..\..\..\Downloads\DSATestcase_Assignment2-main (2)\DSATestcase_Assignment2-main\input\input70.txt">
      <Filter>Resource Files</Filter>
    </Text>
    <Text Include="..\..\..\..\Downloads\DSATestcase_Assignment2-main (2)\DSATestcase_Assignment2-main\input\input71.txt">
      <Filter>Resource Files</Filter>
    </Text>
    <Text Include="..\..\..\..\Downloads\DSATestcase_Assignment2-main (2)\DSATestcase_Assignment2-main\input\input72.txt">
      <Filter>Resource Files</Filter>
    </Text>
    <Text Include="..\..\..\..\Downloads\DSATestcase_Assignment2-main (2)\DSATestcase_Assignment2-main\input\input73.txt">
      <Filter>Resource Files</Filter>
    </Text>
    <Text Include="..\..\..\..\Downloads\DSATestcase_Assignment2-main (2)\DSATestcase_Assignment2-main\input\input74.txt">
      <Filter>Resource Files</Filter>
    </Text>
    <Text Include="..\..\..\..\Downloads\DSATestcase_Assignment2-main (2)\DSATestcase_Assignment2-main\input\input75.txt">
      <Filter>Resource Files</Filter>
    </Text>
    <Text Include="..\..\..\..\Downloads\DSATestcase_Assignment2-main (2)\DSATestcase_Assignment2-main\input\input76.txt">
      <Filter>Resource Files</Filter>
    </Text>
    <Text Include="..\..\..\..\Downloads\DSATestcase_Assignment2-main (2)\DSATestcase_Assignment2-main\input\input77.txt">
      <Filter>Resource Files</Filter>
    </Text>
    <Text Include="..\..\..\..\Downloads\DSATestcase_Assignment2-main (2)\DSATestcase_Assignment2-main\input\input78.txt">
      <Filter>Resource Files</Filter>
    </Text>
    <Text Include="..\..\..\..\Downloads\DSATestcase_Assignment2-main (2)\DSATestcase_Assignment2-main\input\input79.txt">
      <Filter>Resource Files</Filter>
    </Text>
    <Text Include="..\..\..\..\Downloads\DSATestcase_Assignment2-main (2)\DSATestcase_Assignment2-main\input\input80.txt">
      <Filter>Resource Files</Filter>
    </Text>
    <Text Include="..\..\..\..\Downloads\DSATestcase_Assignment2-main (2)\DSATestcase_Assignment2-main\input\input81.txt">
      <Filter>Resource Files</Filter>
    </Text>
    <Text Include="..\..\..\..\Downloads\DSATestcase_Assignment2-main (2)\DSATestcase_Assignment2-main\input\input82.txt">
      <Filter>Resource Files</Filter>
    </Text>
    <Text Include="..\..\..\..\Downloads\DSATestcase_Assignment2-main (2)\DSATestcase_Assignment2-main\input\input83.txt">
      <Filter>Resource Files</Filter>
    </Text>
    <Text Include="..\..\..\..\Downloads\DSATestcase_Assignment2-main (2)\DSATestcase_Assignment2-main\input\input84.txt">
      <Filter>Resource Files</Filter>
    </Text>
    <Text Include="..\..\..\..\Downloads\DSATestcase_Assignment2-main (2)\DSATestcase_Assignment2-main\input\input4.txt">
      <Filter>Resource Files</Filter>
    </Text>
    <Text Include="..\..\..\..\Downloads\DSATestcase_Assignment2-main (2)\DSATestcase_Assignment2-main\input\input5.txt">
      <Filter>Resource Files</Filter>
    </Text>
    <Text Include="..\..\..\..\Downloads\DSATestcase_Assignment2-main (2)\DSATestcase_Assignment2-main\input\input6.txt">
      <Filter>Resource Files</Filter>
    </Text>
    <Text Include="..\..\..\..\Downloads\DSATestcase_Assignment2-main (2)\DSATestcase_Assignment2-main\input\input37.txt">
      <Filter>Resource Files</Filter>
    </Text>
    <Text Include="..\..\..\..\Downloads\DSATestcase_Assignment2-main (2)\DSATestcase_Assignment2-main\input\input38.txt">
      <Filter>Resource Files</Filter>
    </Text>
    <Text Include="..\..\..\..\Downloads\DSATestcase_Assignment2-main (2)\DSATestcase_Assignment2-main\input\input39.txt">
      <Filter>Resource Files</Filter>
    </Text>
    <Text Include="..\..\..\..\Downloads\DSATestcase_Assignment2-main (2)\DSATestcase_Assignment2-main\input\input40.txt">
      <Filter>Resource Files</Filter>
    </Text>
    <Text Include="..\..\..\..\Downloads\DSATestcase_Assignment2-main (2)\DSATestcase_Assignment2-main\input\input41.txt">
      <Filter>Resource Files</Filter>
    </Text>
    <Text Include="..\..\..\..\Downloads\DSATestcase_Assignment2-main (2)\DSATestcase_Assignment2-main\input\input42.txt">
      <Filter>Resource Files</Filter>
    </Text>
    <Text Include="..\..\..\..\Downloads\DSATestcase_Assignment2-main (2)\DSATestcase_Assignment2-main\input\input43.txt">
      <Filter>Resource Files</Filter>
    </Text>
    <Text Include="..\..\..\..\Downloads\DSATestcase_Assignment2-main (2)\DSATestcase_Assignment2-main\input\input44.txt">
      <Filter>Resource Files</Filter>
    </Text>
    <Text Include="..\..\..\..\Downloads\DSATestcase_Assignment2-main (2)\DSATestcase_Assignment2-main\input\input45.txt">
      <Filter>Resource Files</Filter>
    </Text>
    <Text Include="..\..\..\..\Downloads\DSATestcase_Assignment2-main (2)\DSATestcase_Assignment2-main\input\input46.txt">
      <Filter>Resource Files</Filter>
    </Text>
    <Text Include="..\..\..\..\Downloads\DSATestcase_Assignment2-main (2)\DSATestcase_Assignment2-main\input\input47.txt">
      <Filter>Resource Files</Filter>
    </Text>
    <Text Include="..\..\..\..\Downloads\DSATestcase_Assignment2-main (2)\DSATestcase_Assignment2-main\input\input48.txt">
      <Filter>Resource Files</Filter>
    </Text>
    <Text Include="..\..\..\..\Downloads\DSATestcase_Assignment2-main (2)\DSATestcase_Assignment2-main\input\input49.txt">
      <Filter>Resource Files</Filter>
    </Text>
    <Text Include="..\..\..\..\Downloads\DSATestcase_Assignment2-main (2)\DSATestcase_Assignment2-main\input\input50.txt">
      <Filter>Resource Files</Filter>
    </Text>
    <Text Include="..\..\..\..\Downloads\DSATestcase_Assignment2-main (2)\DSATestcase_Assignment2-main\input\input51.txt">
      <Filter>Resource Files</Filter>
    </Text>
    <Text Include="..\..\..\..\Downloads\DSATestcase_Assignment2-main (2)\DSATestcase_Assignment2-main\input\input52.txt">
      <Filter>Resource Files</Filter>
    </Text>
    <Text Include="..\..\..\..\Downloads\DSATestcase_Assignment2-main (2)\DSATestcase_Assignment2-main\input\input53.txt">
      <Filter>Resource Files</Filter>
    </Text>
    <Text Include="..\..\..\..\Downloads\DSATestcase_Assignment2-main (2)\DSATestcase_Assignment2-main\input\input54.txt">
      <Filter>Resource Files</Filter>
    </Text>
    <Text Include="..\..\..\..\Downloads\DSATestcase_Assignment2-main (2)\DSATestcase_Assignment2-main\input\input55.txt">
      <Filter>Resource Files</Filter>
    </Text>
    <Text Include="..\..\..\..\Downloads\DSATestcase_Assignment2-main (2)\DSATestcase_Assignment2-main\input\input56.txt">
      <Filter>Resource Files</Filter>
    </Text>
    <Text Include="..\..\..\..\Downloads\DSATestcase_Assignment2-main (2)\DSATestcase_Assignment2-main\input\input57.txt">
      <Filter>Resource Files</Filter>
    </Text>
    <Text Include="..\..\..\..\Downloads\DSATestcase_Assignment2-main (2)\DSATestcase_Assignment2-main\input\input58.txt">
      <Filter>Resource Files</Filter>
    </Text>
    <Text Include="..\..\..\..\Downloads\DSATestcase_Assignment2-main (2)\DSATestcase_Assignment2-main\input\input59.txt">
      <Filter>Resource Files</Filter>
    </Text>
    <Text Include="..\..\..\..\Downloads\DSATestcase_Assignment2-main (2)\DSATestcase_Assignment2-main\input\input60.txt">
      <Filter>Resource Files</Filter>
    </Text>
    <Text Include="..\..\..\..\Downloads\DSATestcase_Assignment2-main (2)\DSATestcase_Assignment2-main\input\input1.txt">
      <Filter>Resource Files</Filter>
    </Text>
    <Text Include="..\..\..\..\Downloads\DSATestcase_Assignment2-main (2)\DSATestcase_Assignment2-main\input\input2.txt">
      <Filter>Resource Files</Filter>
    </Text>
    <Text Include="..\..\..\..\Downloads\DSATestcase_Assignment2-main (2)\DSATestcase_Assignment2-main\input\input3.txt">
      <Filter>Resource Files</Filter>
    </Text>
    <Text Include="..\..\..\..\Downloads\DSATestcase_Assignment2-main (2)\DSATestcase_Assignment2-main\input\input10.txt">
      <Filter>Resource Files</Filter>
    </Text>
    <Text Include="..\..\..\..\Downloads\DSATestcase_Assignment2-main (2)\DSATestcase_Assignment2-main\input\input11.txt">
      <Filter>Resource Files</Filter>
    </Text>
    <Text Include="..\..\..\..\Downloads\DSATestcase_Assignment2-main (2)\DSATestcase_Assignment2-main\input\input12.txt">
      <Filter>Resource Files</Filter>
    </Text>
    <Text Include="..\..\..\..\Downloads\DSATestcase_Assignment2-main (2)\DSATestcase_Assignment2-main\input\input13.txt">
      <Filter>Resource Files</Filter>
    </Text>
    <Text Include="..\..\..\..\Downloads\DSATestcase_Assignment2-main (2)\DSATestcase_Assignment2-main\input\input14.txt">
      <Filter>Resource Files</Filter>
    </Text>
    <Text Include="..\..\..\..\Downloads\DSATestcase_Assignment2-main (2)\DSATestcase_Assignment2-main\input\input15.txt">
      <Filter>Resource Files</Filter>
    </Text>
    <Text Include="..\..\..\..\Downloads\DSATestcase_Assignment2-main (2)\DSATestcase_Assignment2-main\input\input16.txt">
      <Filter>Resource Files</Filter>
    </Text>
    <Text Include="..\..\..\..\Downloads\DSATestcase_Assignment2-main (2)\DSATestcase_Assignment2-main\input\input17.txt">
      <Filter>Resource Files</Filter>
    </Text>
    <Text Include="..\..\..\..\Downloads\DSATestcase_Assignment2-main (2)\DSATestcase_Assignment2-main\input\input18.txt">
      <Filter>Resource Files</Filter>
    </Text>
    <Text Include="..\..\..\..\Downloads\DSATestcase_Assignment2-main (2)\DSATestcase_Assignment2-main\input\input19.txt">
      <Filter>Resource Files</Filter>
    </Text>
    <Text Include="..\..\..\..\Downloads\DSATestcase_Assignment2-main (2)\DSATestcase_Assignment2-main\input\input20.txt">
      <Filter>Resource Files</Filter>
    </Text>
    <Text Include="..\..\..\..\Downloads\DSATestcase_Assignment2-main (2)\DSATestcase_Assignment2-main\input\input21.txt">
      <Filter>Resource Files</Filter>
    </Text>
    <Text Include="..\..\..\..\Downloads\DSATestcase_Assignment2-main (2)\DSATestcase_Assignment2-main\input\input22.txt">
      <Filter>Resource Files</Filter>
    </Text>
    <Text Include="..\..\..\..\Downloads\DSATestcase_Assignment2-main (2)\DSATestcase_Assignment2-main\input\input23.txt">
      <Filter>Resource Files</Filter>
    </Text>
    <Text Include="..\..\..\..\Downloads\DSATestcase_Assignment2-main (2)\DSATestcase_Assignment2-main\input\input24.txt">
      <Filter>Resource Files</Filter>
    </Text>
    <Text Include="..\..\..\..\Downloads\DSATestcase_Assignment2-main (2)\DSATestcase_Assignment2-main\input\input25.txt">
      <Filter>Resource Files</Filter>
    </Text>
    <Text Include="..\..\..\..\Downloads\DSATestcase_Assignment2-main (2)\DSATestcase_Assignment2-main\input\input26.txt">
      <Filter>Resource Files</Filter>
    </Text>
    <Text Include="..\..\..\..\Downloads\DSATestcase_Assignment2-main (2)\DSATestcase_Assignment2-main\input\input27.txt">
      <Filter>Resource Files</Filter>
    </Text>
    <Text Include="..\..\..\..\Downloads\DSATestcase_Assignment2-main (2)\DSATestcase_Assignment2-main\input\input28.txt">
      <Filter>Resource Files</Filter>
    </Text>
    <Text Include="..\..\..\..\Downloads\DSATestcase_Assignment2-main (2)\DSATestcase_Assignment2-main\input\input29.txt">
      <Filter>Resource Files</Filter>
    </Text>
    <Text Include="..\..\..\..\Downloads\DSATestcase_Assignment2-main (2)\DSATestcase_Assignment2-main\input\input30.txt">
      <Filter>Resource Files</Filter>
    </Text>
    <Text Include="..\..\..\..\Downloads\DSATestcase_Assignment2-main (2)\DSATestcase_Assignment2-main\input\input31.txt">
      <Filter>Resource Files</Filter>
    </Text>
    <Text Include="..\..\..\..\Downloads\DSATestcase_Assignment2-main (2)\DSATestcase_Assignment2-main\input\input32.txt">
      <Filter>Resource Files</Filter>
    </Text>
    <Text Include="..\..\..\..\Downloads\DSATestcase_Assignment2-main (2)\DSATestcase_Assignment2-main\input\input33.txt">
      <Filter>Resource Files</Filter>
    </Text>
    <Text Include="..\..\..\..\Downloads\DSATestcase_Assignment2-main (2)\DSATestcase_Assignment2-main\input\input34.txt">
      <Filter>Resource Files</Filter>
    </Text>
    <Text Include="..\..\..\..\Downloads\DSATestcase_Assignment2-main (2)\DSATestcase_Assignment2-main\input\input35.txt">
      <Filter>Resource Files</Filter>
    </Text>
    <Text Include="..\..\..\..\Downloads\DSATestcase_Assignment2-main (2)\DSATestcase_Assignment2-main\input\input36.txt">
      <Filter>Resource Files</Filter>
    </Text>
    <Text Include="..\..\..\..\Downloads\DSATestcase_Assignment2-main (2)\DSATestcase_Assignment2-main\input\input100.txt">
      <Filter>Resource Files</Filter>
    </Text>
    <Text Include="..\..\..\..\Downloads\DSATestcase_Assignment2-main (2)\DSATestcase_Assignment2-main\input\input9.txt">
      <Filter>Resource Files</Filter>
    </Text>
    <Text Include="..\..\..\..\Downloads\DSATestcase_Assignment2-main (2)\DSATestcase_Assignment2-main\input\input85.txt">
      <Filter>Resource Files</Filter>
    </Text>
    <Text Include="..\..\..\..\Downloads\DSATestcase_Assignment2-main (2)\DSATestcase_Assignment2-main\input\input86.txt">
      <Filter>Resource Files</Filter>
    </Text>
    <Text Include="..\..\..\..\Downloads\DSATestcase_Assignment2-main (2)\DSATestcase_Assignment2-main\input\input87.txt">
      <Filter>Resource Files</Filter>
    </Text>
    <Text Include="..\..\..\..\Downloads\DSATestcase_Assignment2-main (2)\DSATestcase_Assignment2-main\input\input88.txt">
      <Filter>Resource Files</Filter>
    </Text>
    <Text Include="..\..\..\..\Downloads\DSATestcase_Assignment2-main (2)\DSATestcase_Assignment2-main\input\input89.txt">
      <Filter>Resource Files</Filter>
    </Text>
    <Text Include="..\..\..\..\Downloads\DSATestcase_Assignment2-main (2)\DSATestcase_Assignment2-main\input\input90.txt">
      <Filter>Resource Files</Filter>
    </Text>
    <Text Include="got100.txt">
      <Filter>Resource Files</Filter>
    </Text>
    <Text Include="got1.txt">
      <Filter>Resource Files</Filter>
    </Text>
    <Text Include="got2.txt">
      <Filter>Resource Files</Filter>
    </Text>
    <Text Include="got3.txt">
      <Filter>Resource Files</Filter>
    </Text>
    <Text Include="got4.txt">
      <Filter>Resource Files</Filter>
    </Text>
    <Text Include="got5.txt">
      <Filter>Resource Files</Filter>
    </Text>
    <Text Include="got6.txt">
      <Filter>Resource Files</Filter>
    </Text>
    <Text Include="got7.txt">
      <Filter>Resource Files</Filter>
    </Text>
    <Text Include="got8.txt">
      <Filter>Resource Files</Filter>
    </Text>
    <Text Include="got9.txt">
      <Filter>Resource Files</Filter>
    </Text>
    <Text Include="got10.txt">
      <Filter>Resource Files</Filter>
    </Text>
    <Text Include="got11.txt">
      <Filter>Resource Files</Filter>
    </Text>
    <Text Include="got12.txt">
      <Filter>Resource Files</Filter>
    </Text>
    <Text Include="got13.txt">
      <Filter>Resource Files</Filter>
    </Text>
    <Text Include="got14.txt">
      <Filter>Resource Files</Filter>
    </Text>
    <Text Include="got15.txt">
      <Filter>Resource Files</Filter>
    </Text>
    <Text Include="got16.txt">
      <Filter>Resource Files</Filter>
    </Text>
    <Text Include="got17.txt">
      <Filter>Resource Files</Filter>
    </Text>
    <Text Include="got18.txt">
      <Filter>Resource Files</Filter>
    </Text>
    <Text Include="got19.txt">
      <Filter>Resource Files</Filter>
    </Text>
    <Text Include="got20.txt">
      <Filter>Resource Files</Filter>
    </Text>
    <Text Include="got21.txt">
      <Filter>Resource Files</Filter>
    </Text>
    <Text Include="got22.txt">
      <Filter>Resource Files</Filter>
    </Text>
    <Text Include="got23.txt">
      <Filter>Resource Files</Filter>
    </Text>
    <Text Include="got24.txt">
      <Filter>Resource Files</Filter>
    </Text>
    <Text Include="got25.txt">
      <Filter>Resource Files</Filter>
    </Text>
    <Text Include="got26.txt">
      <Filter>Resource Files</Filter>
    </Text>
    <Text Include="got27.txt">
      <Filter>Resource Files</Filter>
    </Text>
    <Text Include="got28.txt">
      <Filter>Resource Files</Filter>
    </Text>
    <Text Include="got29.txt">
      <Filter>Resource Files</Filter>
    </Text>
    <Text Include="got30.txt">
      <Filter>Resource Files</Filter>
    </Text>
    <Text Include="got31.txt">
      <Filter>Resource Files</Filter>
    </Text>
    <Text Include="got32.txt">
      <Filter>Resource Files</Filter>
    </Text>
    <Text Include="got33.txt">
      <Filter>Resource Files</Filter>
    </Text>
    <Text Include="got34.txt">
      <Filter>Resource Files</Filter>
    </Text>
    <Text Include="got35.txt">
      <Filter>Resource Files</Filter>
    </Text>
    <Text Include="got36.txt">
      <Filter>Resource Files</Filter>
    </Text>
    <Text Include="got37.txt">
      <Filter>Resource Files</Filter>
    </Text>
    <Text Include="got38.txt">
      <Filter>Resource Files</Filter>
    </Text>
    <Text Include="got39.txt">
      <Filter>Resource Files</Filter>
    </Text>
    <Text Include="got40.txt">
      <Filter>Resource Files</Filter>
    </Text>
    <Text Include="got41.txt">
      <Filter>Resource Files</Filter>
    </Text>
    <Text Include="got42.txt">
      <Filter>Resource Files</Filter>
    </Text>
    <Text Include="got43.txt">
      <Filter>Resource Files</Filter>
    </Text>
    <Text Include="got44.txt">
      <Filter>Resource Files</Filter>
    </Text>
    <Text Include="got45.txt">
      <Filter>Resource Files</Filter>
    </Text>
    <Text Include="got46.txt">
      <Filter>Resource Files</Filter>
    </Text>
    <Text Include="got47.txt">
      <Filter>Resource Files</Filter>
    </Text>
    <Text Include="got48.txt">
      <Filter>Resource Files</Filter>
    </Text>
    <Text Include="got49.txt">
      <Filter>Resource Files</Filter>
    </Text>
    <Text Include="got50.txt">
      <Filter>Resource Files</Filter>
    </Text>
    <Text Include="got51.txt">
      <Filter>Resource Files</Filter>
    </Text>
    <Text Include="got52.txt">
      <Filter>Resource Files</Filter>
    </Text>
    <Text Include="got53.txt">
      <Filter>Resource Files</Filter>
    </Text>
    <Text Include="got54.txt">
      <Filter>Resource Files</Filter>
    </Text>
    <Text Include="got55.txt">
      <Filter>Resource Files</Filter>
    </Text>
    <Text Include="got56.txt">
      <Filter>Resource Files</Filter>
    </Text>
    <Text Include="got57.txt">
      <Filter>Resource Files</Filter>
    </Text>
    <Text Include="got58.txt">
      <Filter>Resource Files</Filter>
    </Text>
    <Text Include="got59.txt">
      <Filter>Resource Files</Filter>
    </Text>
    <Text Include="got60.txt">
      <Filter>Resource Files</Filter>
    </Text>
    <Text Include="got61.txt">
      <Filter>Resource Files</Filter>
    </Text>
    <Text Include="got62.txt">
      <Filter>Resource Files</Filter>
    </Text>
    <Text Include="got63.txt">
      <Filter>Resource Files</Filter>
    </Text>
    <Text Include="got64.txt">
      <Filter>Resource Files</Filter>
    </Text>
    <Text Include="got65.txt">
      <Filter>Resource Files</Filter>
    </Text>
    <Text Include="got66.txt">
      <Filter>Resource Files</Filter>
    </Text>
    <Text Include="got67.txt">
      <Filter>Resource Files</Filter>
    </Text>
    <Text Include="got68.txt">
      <Filter>Resource Files</Filter>
    </Text>
    <Text Include="got69.txt">
      <Filter>Resource Files</Filter>
    </Text>
    <Text Include="got70.txt">
      <Filter>Resource Files</Filter>
    </Text>
    <Text Include="got71.txt">
      <Filter>Resource Files</Filter>
    </Text>
    <Text Include="got72.txt">
      <Filter>Resource Files</Filter>
    </Text>
    <Text Include="got73.txt">
      <Filter>Resource Files</Filter>
    </Text>
    <Text Include="got74.txt">
      <Filter>Resource Files</Filter>
    </Text>
    <Text Include="got75.txt">
      <Filter>Resource Files</Filter>
    </Text>
    <Text Include="got76.txt">
      <Filter>Resource Files</Filter>
    </Text>
    <Text Include="got77.txt">
      <Filter>Resource Files</Filter>
    </Text>
    <Text Include="got78.txt">
      <Filter>Resource Files</Filter>
    </Text>
    <Text Include="got79.txt">
      <Filter>Resource Files</Filter>
    </Text>
    <Text Include="got80.txt">
      <Filter>Resource Files</Filter>
    </Text>
    <Text Include="got81.txt">
      <Filter>Resource Files</Filter>
    </Text>
    <Text Include="got82.txt">
      <Filter>Resource Files</Filter>
    </Text>
    <Text Include="got83.txt">
      <Filter>Resource Files</Filter>
    </Text>
    <Text Include="got84.txt">
      <Filter>Resource Files</Filter>
    </Text>
    <Text Include="got85.txt">
      <Filter>Resource Files</Filter>
    </Text>
    <Text Include="got86.txt">
      <Filter>Resource Files</Filter>
    </Text>
    <Text Include="got87.txt">
      <Filter>Resource Files</Filter>
    </Text>
    <Text Include="got88.txt">
      <Filter>Resource Files</Filter>
    </Text>
    <Text Include="got89.txt">
      <Filter>Resource Files</Filter>
    </Text>
    <Text Include="got90.txt">
      <Filter>Resource Files</Filter>
    </Text>
    <Text Include="got91.txt">
      <Filter>Resource Files</Filter>
    </Text>
    <Text Include="got92.txt">
      <Filter>Resource Files</Filter>
    </Text>
    <Text Include="got93.txt">
      <Filter>Resource Files</Filter>
    </Text>
    <Text Include="got94.txt">
      <Filter>Resource Files</Filter>
    </Text>
    <Text Include="got95.txt">
      <Filter>Resource Files</Filter>
    </Text>
    <Text Include="got96.txt">
      <Filter>Resource Files</Filter>
    </Text>
    <Text Include="got97.txt">
      <Filter>Resource Files</Filter>
    </Text>
    <Text Include="got98.txt">
      <Filter>Resource Files</Filter>
    </Text>
    <Text Include="got99.txt">
      <Filter>Resource Files</Filter>
    </Text>
    <Text Include="..\..\..\..\Downloads\DSATestcase_Assignment2-main (4)\DSATestcase_Assignment2-main\output\expected92.txt">
      <Filter>Resource Files</Filter>
    </Text>
    <Text Include="..\..\..\..\Downloads\DSATestcase_Assignment2-main (4)\DSATestcase_Assignment2-main\output\expected93.txt">
      <Filter>Resource Files</Filter>
    </Text>
    <Text Include="..\..\..\..\Downloads\DSATestcase_Assignment2-main (4)\DSATestcase_Assignment2-main\output\expected94.txt">
      <Filter>Resource Files</Filter>
    </Text>
    <Text Include="..\..\..\..\Downloads\DSATestcase_Assignment2-main (4)\DSATestcase_Assignment2-main\output\expected95.txt">
      <Filter>Resource Files</Filter>
    </Text>
    <Text Include="..\..\..\..\Downloads\DSATestcase_Assignment2-main (4)\DSATestcase_Assignment2-main\output\expected96.txt">
      <Filter>Resource Files</Filter>
    </Text>
    <Text Include="..\..\..\..\Downloads\DSATestcase_Assignment2-main (4)\DSATestcase_Assignment2-main\output\expected97.txt">
      <Filter>Resource Files</Filter>
    </Text>
    <Text Include="..\..\..\..\Downloads\DSATestcase_Assignment2-main (4)\DSATestcase_Assignment2-main\output\expected98.txt">
      <Filter>Resource Files</Filter>
    </Text>
    <Text Include="..\..\..\..\Downloads\DSATestcase_Assignment2-main (4)\DSATestcase_Assignment2-main\output\expected99.txt">
      <Filter>Resource Files</Filter>
    </Text>
    <Text Include="..\..\..\..\Downloads\DSATestcase_Assignment2-main (4)\DSATestcase_Assignment2-main\output\expected7.txt">
      <Filter>Resource Files</Filter>
    </Text>
    <Text Include="..\..\..\..\Downloads\DSATestcase_Assignment2-main (4)\DSATestcase_Assignment2-main\output\expected8.txt">
      <Filter>Resource Files</Filter>
    </Text>
    <Text Include="..\..\..\..\Downloads\DSATestcase_Assignment2-main (4)\DSATestcase_Assignment2-main\output\expected62.txt">
      <Filter>Resource Files</Filter>
    </Text>
    <Text Include="..\..\..\..\Downloads\DSATestcase_Assignment2-main (4)\DSATestcase_Assignment2-main\output\expected63.txt">
      <Filter>Resource Files</Filter>
    </Text>
    <Text Include="..\..\..\..\Downloads\DSATestcase_Assignment2-main (4)\DSATestcase_Assignment2-main\output\expected64.txt">
      <Filter>Resource Files</Filter>
    </Text>
    <Text Include="..\..\..\..\Downloads\DSATestcase_Assignment2-main (4)\DSATestcase_Assignment2-main\output\expected65.txt">
      <Filter>Resource Files</Filter>
    </Text>
    <Text Include="..\..\..\..\Downloads\DSATestcase_Assignment2-main (4)\DSATestcase_Assignment2-main\output\expected66.txt">
      <Filter>Resource Files</Filter>
    </Text>
    <Text Include="..\..\..\..\Downloads\DSATestcase_Assignment2-main (4)\DSATestcase_Assignment2-main\output\expected67.txt">
      <Filter>Resource Files</Filter>
    </Text>
    <Text Include="..\..\..\..\Downloads\DSATestcase_Assignment2-main (4)\DSATestcase_Assignment2-main\output\expected68.txt">
      <Filter>Resource Files</Filter>
    </Text>
    <Text Include="..\..\..\..\Downloads\DSATestcase_Assignment2-main (4)\DSATestcase_Assignment2-main\output\expected69.txt">
      <Filter>Resource Files</Filter>
    </Text>
    <Text Include="..\..\..\..\Downloads\DSATestcase_Assignment2-main (4)\DSATestcase_Assignment2-main\output\expected70.txt">
      <Filter>Resource Files</Filter>
    </Text>
    <Text Include="..\..\..\..\Downloads\DSATestcase_Assignment2-main (4)\DSATestcase_Assignment2-main\output\expected71.txt">
      <Filter>Resource Files</Filter>
    </Text>
    <Text Include="..\..\..\..\Downloads\DSATestcase_Assignment2-main (4)\DSATestcase_Assignment2-main\output\expected72.txt">
      <Filter>Resource Files</Filter>
    </Text>
    <Text Include="..\..\..\..\Downloads\DSATestcase_Assignment2-main (4)\DSATestcase_Assignment2-main\output\expected73.txt">
      <Filter>Resource Files</Filter>
    </Text>
    <Text Include="..\..\..\..\Downloads\DSATestcase_Assignment2-main (4)\DSATestcase_Assignment2-main\output\expected74.txt">
      <Filter>Resource Files</Filter>
    </Text>
    <Text Include="..\..\..\..\Downloads\DSATestcase_Assignment2-main (4)\DSATestcase_Assignment2-main\output\expected75.txt">
      <Filter>Resource Files</Filter>
    </Text>
    <Text Include="..\..\..\..\Downloads\DSATestcase_Assignment2-main (4)\DSATestcase_Assignment2-main\output\expected76.txt">
      <Filter>Resource Files</Filter>
    </Text>
    <Text Include="..\..\..\..\Downloads\DSATestcase_Assignment2-main (4)\DSATestcase_Assignment2-main\output\expected77.txt">
      <Filter>Resource Files</Filter>
    </Text>
    <Text Include="..\..\..\..\Downloads\DSATestcase_Assignment2-main (4)\DSATestcase_Assignment2-main\output\expected78.txt">
      <Filter>Resource Files</Filter>
    </Text>
    <Text Include="..\..\..\..\Downloads\DSATestcase_Assignment2-main (4)\DSATestcase_Assignment2-main\output\expected79.txt">
      <Filter>Resource Files</Filter>
    </Text>
    <Text Include="..\..\..\..\Downloads\DSATestcase_Assignment2-main (4)\DSATestcase_Assignment2-main\output\expected80.txt">
      <Filter>Resource Files</Filter>
    </Text>
    <Text Include="..\..\..\..\Downloads\DSATestcase_Assignment2-main (4)\DSATestcase_Assignment2-main\output\expected81.txt">
      <Filter>Resource Files</Filter>
    </Text>
    <Text Include="..\..\..\..\Downloads\DSATestcase_Assignment2-main (4)\DSATestcase_Assignment2-main\output\expected82.txt">
      <Filter>Resource Files</Filter>
    </Text>
    <Text Include="..\..\..\..\Downloads\DSATestcase_Assignment2-main (4)\DSATestcase_Assignment2-main\output\expected83.txt">
      <Filter>Resource Files</Filter>
    </Text>
    <Text Include="..\..\..\..\Downloads\DSATestcase_Assignment2-main (4)\DSATestcase_Assignment2-main\output\expected84.txt">
      <Filter>Resource Files</Filter>
    </Text>
    <Text Include="..\..\..\..\Downloads\DSATestcase_Assignment2-main (4)\DSATestcase_Assignment2-main\output\expected85.txt">
      <Filter>Resource Files</Filter>
    </Text>
    <Text Include="..\..\..\..\Downloads\DSATestcase_Assignment2-main (4)\DSATestcase_Assignment2-main\output\expected86.txt">
      <Filter>Resource Files</Filter>
    </Text>
    <Text Include="..\..\..\..\Downloads\DSATestcase_Assignment2-main (4)\DSATestcase_Assignment2-main\output\expected87.txt">
      <Filter>Resource Files</Filter>
    </Text>
    <Text Include="..\..\..\..\Downloads\DSATestcase_Assignment2-main (4)\DSATestcase_Assignment2-main\output\expected4.txt">
      <Filter>Resource Files</Filter>
    </Text>
    <Text Include="..\..\..\..\Downloads\DSATestcase_Assignment2-main (4)\DSATestcase_Assignment2-main\output\expected5.txt">
      <Filter>Resource Files</Filter>
    </Text>
    <Text Include="..\..\..\..\Downloads\DSATestcase_Assignment2-main (4)\DSATestcase_Assignment2-main\output\expected6.txt">
      <Filter>Resource Files</Filter>
    </Text>
    <Text Include="..\..\..\..\Downloads\DSATestcase_Assignment2-main (4)\DSATestcase_Assignment2-main\output\expected35.txt">
      <Filter>Resource Files</Filter>
    </Text>
    <Text Include="..\..\..\..\Downloads\DSATestcase_Assignment2-main (4)\DSATestcase_Assignment2-main\output\expected36.txt">
      <Filter>Resource Files</Filter>
    </Text>
    <Text Include="..\..\..\..\Downloads\DSATestcase_Assignment2-main (4)\DSATestcase_Assignment2-main\output\expected37.txt">
      <Filter>Resource Files</Filter>
    </Text>
    <Text Include="..\..\..\..\Downloads\DSATestcase_Assignment2-main (4)\DSATestcase_Assignment2-main\output\expected38.txt">
      <Filter>Resource Files</Filter>
    </Text>
    <Text Include="..\..\..\..\Downloads\DSATestcase_Assignment2-main (4)\DSATestcase_Assignment2-main\output\expected39.txt">
      <Filter>Resource Files</Filter>
    </Text>
    <Text Include="..\..\..\..\Downloads\DSATestcase_Assignment2-main (4)\DSATestcase_Assignment2-main\output\expected40.txt">
      <Filter>Resource Files</Filter>
    </Text>
    <Text Include="..\..\..\..\Downloads\DSATestcase_Assignment2-main (4)\DSATestcase_Assignment2-main\output\expected41.txt">
      <Filter>Resource Files</Filter>
    </Text>
    <Text Include="..\..\..\..\Downloads\DSATestcase_Assignment2-main (4)\DSATestcase_Assignment2-main\output\expected42.txt">
      <Filter>Resource Files</Filter>
    </Text>
    <Text Include="..\..\..\..\Downloads\DSATestcase_Assignment2-main (4)\DSATestcase_Assignment2-main\output\expected43.txt">
      <Filter>Resource Files</Filter>
    </Text>
    <Text Include="..\..\..\..\Downloads\DSATestcase_Assignment2-main (4)\DSATestcase_Assignment2-main\output\expected44.txt">
      <Filter>Resource Files</Filter>
    </Text>
    <Text Include="..\..\..\..\Downloads\DSATestcase_Assignment2-main (4)\DSATestcase_Assignment2-main\output\expected45.txt">
      <Filter>Resource Files</Filter>
    </Text>
    <Text Include="..\..\..\..\Downloads\DSATestcase_Assignment2-main (4)\DSATestcase_Assignment2-main\output\expected46.txt">
      <Filter>Resource Files</Filter>
    </Text>
    <Text Include="..\..\..\..\Downloads\DSATestcase_Assignment2-main (4)\DSATestcase_Assignment2-main\output\expected47.txt">
      <Filter>Resource Files</Filter>
    </Text>
    <Text Include="..\..\..\..\Downloads\DSATestcase_Assignment2-main (4)\DSATestcase_Assignment2-main\output\expected48.txt">
      <Filter>Resource Files</Filter>
    </Text>
    <Text Include="..\..\..\..\Downloads\DSATestcase_Assignment2-main (4)\DSATestcase_Assignment2-main\output\expected49.txt">
      <Filter>Resource Files</Filter>
    </Text>
    <Text Include="..\..\..\..\Downloads\DSATestcase_Assignment2-main (4)\DSATestcase_Assignment2-main\output\expected50.txt">
      <Filter>Resource Files</Filter>
    </Text>
    <Text Include="..\..\..\..\Downloads\DSATestcase_Assignment2-main (4)\DSATestcase_Assignment2-main\output\expected51.txt">
      <Filter>Resource Files</Filter>
    </Text>
    <Text Include="..\..\..\..\Downloads\DSATestcase_Assignment2-main (4)\DSATestcase_Assignment2-main\output\expected52.txt">
      <Filter>Resource Files</Filter>
    </Text>
    <Text Include="..\..\..\..\Downloads\DSATestcase_Assignment2-main (4)\DSATestcase_Assignment2-main\output\expected53.txt">
      <Filter>Resource Files</Filter>
    </Text>
    <Text Include="..\..\..\..\Downloads\DSATestcase_Assignment2-main (4)\DSATestcase_Assignment2-main\output\expected54.txt">
      <Filter>Resource Files</Filter>
    </Text>
    <Text Include="..\..\..\..\Downloads\DSATestcase_Assignment2-main (4)\DSATestcase_Assignment2-main\output\expected55.txt">
      <Filter>Resource Files</Filter>
    </Text>
    <Text Include="..\..\..\..\Downloads\DSATestcase_Assignment2-main (4)\DSATestcase_Assignment2-main\output\expected56.txt">
      <Filter>Resource Files</Filter>
    </Text>
    <Text Include="..\..\..\..\Downloads\DSATestcase_Assignment2-main (4)\DSATestcase_Assignment2-main\output\expected57.txt">
      <Filter>Resource Files</Filter>
    </Text>
    <Text Include="..\..\..\..\Downloads\DSATestcase_Assignment2-main (4)\DSATestcase_Assignment2-main\output\expected58.txt">
      <Filter>Resource Files</Filter>
    </Text>
    <Text Include="..\..\..\..\Downloads\DSATestcase_Assignment2-main (4)\DSATestcase_Assignment2-main\output\expected59.txt">
      <Filter>Resource Files</Filter>
    </Text>
    <Text Include="..\..\..\..\Downloads\DSATestcase_Assignment2-main (4)\DSATestcase_Assignment2-main\output\expected60.txt">
      <Filter>Resource Files</Filter>
    </Text>
    <Text Include="..\..\..\..\Downloads\DSATestcase_Assignment2-main (4)\DSATestcase_Assignment2-main\output\expected61.txt">
      <Filter>Resource Files</Filter>
    </Text>
    <Text Include="..\..\..\..\Downloads\DSATestcase_Assignment2-main (4)\DSATestcase_Assignment2-main\output\expected1.txt">
      <Filter>Resource Files</Filter>
    </Text>
    <Text Include="..\..\..\..\Downloads\DSATestcase_Assignment2-main (4)\DSATestcase_Assignment2-main\output\expected2.txt">
      <Filter>Resource Files</Filter>
    </Text>
    <Text Include="..\..\..\..\Downloads\DSATestcase_Assignment2-main (4)\DSATestcase_Assignment2-main\output\expected3.txt">
      <Filter>Resource Files</Filter>
    </Text>
    <Text Include="..\..\..\..\Downloads\DSATestcase_Assignment2-main (4)\DSATestcase_Assignment2-main\output\expected10.txt">
      <Filter>Resource Files</Filter>
    </Text>
    <Text Include="..\..\..\..\Downloads\DSATestcase_Assignment2-main (4)\DSATestcase_Assignment2-main\output\expected11.txt">
      <Filter>Resource Files</Filter>
    </Text>
    <Text Include="..\..\..\..\Downloads\DSATestcase_Assignment2-main (4)\DSATestcase_Assignment2-main\output\expected12.txt">
      <Filter>Resource Files</Filter>
    </Text>
    <Text Include="..\..\..\..\Downloads\DSATestcase_Assignment2-main (4)\DSATestcase_Assignment2-main\output\expected13.txt">
      <Filter>Resource Files</Filter>
    </Text>
    <Text Include="..\..\..\..\Downloads\DSATestcase_Assignment2-main (4)\DSATestcase_Assignment2-main\output\expected14.txt">
      <Filter>Resource Files</Filter>
    </Text>
    <Text Include="..\..\..\..\Downloads\DSATestcase_Assignment2-main (4)\DSATestcase_Assignment2-main\output\expected15.txt">
      <Filter>Resource Files</Filter>
    </Text>
    <Text Include="..\..\..\..\Downloads\DSATestcase_Assignment2-main (4)\DSATestcase_Assignment2-main\output\expected16.txt">
      <Filter>Resource Files</Filter>
    </Text>
    <Text Include="..\..\..\..\Downloads\DSATestcase_Assignment2-main (4)\DSATestcase_Assignment2-main\output\expected17.txt">
      <Filter>Resource Files</Filter>
    </Text>
    <Text Include="..\..\..\..\Downloads\DSATestcase_Assignment2-main (4)\DSATestcase_Assignment2-main\output\expected18.txt">
      <Filter>Resource Files</Filter>
    </Text>
    <Text Include="..\..\..\..\Downloads\DSATestcase_Assignment2-main (4)\DSATestcase_Assignment2-main\output\expected19.txt">
      <Filter>Resource Files</Filter>
    </Text>
    <Text Include="..\..\..\..\Downloads\DSATestcase_Assignment2-main (4)\DSATestcase_Assignment2-main\output\expected20.txt">
      <Filter>Resource Files</Filter>
    </Text>
    <Text Include="..\..\..\..\Downloads\DSATestcase_Assignment2-main (4)\DSATestcase_Assignment2-main\output\expected21.txt">
      <Filter>Resource Files</Filter>
    </Text>
    <Text Include="..\..\..\..\Downloads\DSATestcase_Assignment2-main (4)\DSATestcase_Assignment2-main\output\expected22.txt">
      <Filter>Resource Files</Filter>
    </Text>
    <Text Include="..\..\..\..\Downloads\DSATestcase_Assignment2-main (4)\DSATestcase_Assignment2-main\output\expected23.txt">
      <Filter>Resource Files</Filter>
    </Text>
    <Text Include="..\..\..\..\Downloads\DSATestcase_Assignment2-main (4)\DSATestcase_Assignment2-main\output\expected24.txt">
      <Filter>Resource Files</Filter>
    </Text>
    <Text Include="..\..\..\..\Downloads\DSATestcase_Assignment2-main (4)\DSATestcase_Assignment2-main\output\expected25.txt">
      <Filter>Resource Files</Filter>
    </Text>
    <Text Include="..\..\..\..\Downloads\DSATestcase_Assignment2-main (4)\DSATestcase_Assignment2-main\output\expected26.txt">
      <Filter>Resource Files</Filter>
    </Text>
    <Text Include="..\..\..\..\Downloads\DSATestcase_Assignment2-main (4)\DSATestcase_Assignment2-main\output\expected27.txt">
      <Filter>Resource Files</Filter>
    </Text>
    <Text Include="..\..\..\..\Downloads\DSATestcase_Assignment2-main (4)\DSATestcase_Assignment2-main\output\expected28.txt">
      <Filter>Resource Files</Filter>
    </Text>
    <Text Include="..\..\..\..\Downloads\DSATestcase_Assignment2-main (4)\DSATestcase_Assignment2-main\output\expected29.txt">
      <Filter>Resource Files</Filter>
    </Text>
    <Text Include="..\..\..\..\Downloads\DSATestcase_Assignment2-main (4)\DSATestcase_Assignment2-main\output\expected30.txt">
      <Filter>Resource Files</Filter>
    </Text>
    <Text Include="..\..\..\..\Downloads\DSATestcase_Assignment2-main (4)\DSATestcase_Assignment2-main\output\expected31.txt">
      <Filter>Resource Files</Filter>
    </Text>
    <Text Include="..\..\..\..\Downloads\DSATestcase_Assignment2-main (4)\DSATestcase_Assignment2-main\output\expected32.txt">
      <Filter>Resource Files</Filter>
    </Text>
    <Text Include="..\..\..\..\Downloads\DSATestcase_Assignment2-main (4)\DSATestcase_Assignment2-main\output\expected33.txt">
      <Filter>Resource Files</Filter>
    </Text>
    <Text Include="..\..\..\..\Downloads\DSATestcase_Assignment2-main (4)\DSATestcase_Assignment2-main\output\expected34.txt">
      <Filter>Resource Files</Filter>
    </Text>
    <Text Include="..\..\..\..\Downloads\DSATestcase_Assignment2-main (4)\DSATestcase_Assignment2-main\output\expected100.txt">
      <Filter>Resource Files</Filter>
    </Text>
    <Text Include="..\..\..\..\Downloads\DSATestcase_Assignment2-main (4)\DSATestcase_Assignment2-main\output\expected9.txt">
      <Filter>Resource Files</Filter>
    </Text>
    <Text Include="..\..\..\..\Downloads\DSATestcase_Assignment2-main (4)\DSATestcase_Assignment2-main\output\expected88.txt">
      <Filter>Resource Files</Filter>
    </Text>
    <Text Include="..\..\..\..\Downloads\DSATestcase_Assignment2-main (4)\DSATestcase_Assignment2-main\output\expected89.txt">
      <Filter>Resource Files</Filter>
    </Text>
    <Text Include="..\..\..\..\Downloads\DSATestcase_Assignment2-main (4)\DSATestcase_Assignment2-main\output\expected90.txt">
      <Filter>Resource Files</Filter>
    </Text>
    <Text Include="..\..\..\..\Downloads\DSATestcase_Assignment2-main (4)\DSATestcase_Assignment2-main\output\expected91.txt">
      <Filter>Resource Files</Filter>
    </Text>
  </ItemGroup>
</Project>